
Microsoft Visual Studio Solution File, Format Version 12.00
# Visual Studio Version 17
VisualStudioVersion = 17.13.35828.75 d17.13
MinimumVisualStudioVersion = 10.0.40219.1
Project("{FAE04EC0-301F-11D3-BF4B-00C04F79EFBC}") = "MinionsDB", "MinionsDB\MinionsDB.csproj", "{F6D20C2E-BAE7-4C38-B013-3910B76BFE89}"
EndProject
Global
	GlobalSection(SolutionConfigurationPlatforms) = preSolution
		Debug|Any CPU = Debug|Any CPU
		Release|Any CPU = Release|Any CPU
	EndGlobalSection
	GlobalSection(ProjectConfigurationPlatforms) = postSolution
		{F6D20C2E-BAE7-4C38-B013-3910B76BFE89}.Debug|Any CPU.ActiveCfg = Debug|Any CPU
		{F6D20C2E-BAE7-4C38-B013-3910B76BFE89}.Debug|Any CPU.Build.0 = Debug|Any CPU
		{F6D20C2E-BAE7-4C38-B013-3910B76BFE89}.Release|Any CPU.ActiveCfg = Release|Any CPU
		{F6D20C2E-BAE7-4C38-B013-3910B76BFE89}.Release|Any CPU.Build.0 = Release|Any CPU
	EndGlobalSection
	GlobalSection(SolutionProperties) = preSolution
		HideSolutionNode = FALSE
	EndGlobalSection
	GlobalSection(ExtensibilityGlobals) = postSolution
		SolutionGuid = {FCD6EB99-4CBD-4FE9-B768-ED3FF1901656}
	EndGlobalSection
EndGlobal
